
Microsoft Visual Studio Solution File, Format Version 12.00
# Visual Studio Version 16
VisualStudioVersion = 16.0.30907.101
MinimumVisualStudioVersion = 10.0.40219.1
Project("{FAE04EC0-301F-11D3-BF4B-00C04F79EFBC}") = "myAppCap03", "myAppCap03.csproj", "{5482C94A-F817-44D8-BFEA-E53B720E5D87}"
EndProject
Global
	GlobalSection(SolutionConfigurationPlatforms) = preSolution
		Debug|Any CPU = Debug|Any CPU
		Release|Any CPU = Release|Any CPU
	EndGlobalSection
	GlobalSection(ProjectConfigurationPlatforms) = postSolution
		{5482C94A-F817-44D8-BFEA-E53B720E5D87}.Debug|Any CPU.ActiveCfg = Debug|Any CPU
		{5482C94A-F817-44D8-BFEA-E53B720E5D87}.Debug|Any CPU.Build.0 = Debug|Any CPU
		{5482C94A-F817-44D8-BFEA-E53B720E5D87}.Release|Any CPU.ActiveCfg = Release|Any CPU
		{5482C94A-F817-44D8-BFEA-E53B720E5D87}.Release|Any CPU.Build.0 = Release|Any CPU
	EndGlobalSection
	GlobalSection(SolutionProperties) = preSolution
		HideSolutionNode = FALSE
	EndGlobalSection
	GlobalSection(ExtensibilityGlobals) = postSolution
		SolutionGuid = {1D16B6DA-2755-42BF-9175-E09CA6EAA6D2}
	EndGlobalSection
EndGlobal
